
Microsoft Visual Studio Solution File, Format Version 12.00
# Visual Studio 2013
VisualStudioVersion = 12.0.30110.0
MinimumVisualStudioVersion = 10.0.40219.1
Project("{FAE04EC0-301F-11D3-BF4B-00C04F79EFBC}") = "Salesforce.Force", "Salesforce.Force.csproj", "{CF9E66FA-ACF0-4476-BD48-D804EE8FC37B}"
EndProject
Project("{FAE04EC0-301F-11D3-BF4B-00C04F79EFBC}") = "Salesforce.Force.FunctionalTests", "..\Salesforce.Force.FunctionalTests\Salesforce.Force.FunctionalTests.csproj", "{2B4C1203-75A4-483B-BB19-44FEB5B2B76C}"
EndProject
Project("{FAE04EC0-301F-11D3-BF4B-00C04F79EFBC}") = "Salesforce.Force.UnitTests", "..\Salesforce.Force.UnitTests\Salesforce.Force.UnitTests.csproj", "{5EAF85DA-1A96-44F8-B8BF-6363BBB8B160}"
EndProject
Global
	GlobalSection(SolutionConfigurationPlatforms) = preSolution
		Debug|Any CPU = Debug|Any CPU
		Release|Any CPU = Release|Any CPU
	EndGlobalSection
	GlobalSection(ProjectConfigurationPlatforms) = postSolution
		{CF9E66FA-ACF0-4476-BD48-D804EE8FC37B}.Debug|Any CPU.ActiveCfg = Debug|Any CPU
		{CF9E66FA-ACF0-4476-BD48-D804EE8FC37B}.Debug|Any CPU.Build.0 = Debug|Any CPU
		{CF9E66FA-ACF0-4476-BD48-D804EE8FC37B}.Release|Any CPU.ActiveCfg = Release|Any CPU
		{CF9E66FA-ACF0-4476-BD48-D804EE8FC37B}.Release|Any CPU.Build.0 = Release|Any CPU
		{2B4C1203-75A4-483B-BB19-44FEB5B2B76C}.Debug|Any CPU.ActiveCfg = Debug|Any CPU
		{2B4C1203-75A4-483B-BB19-44FEB5B2B76C}.Debug|Any CPU.Build.0 = Debug|Any CPU
		{2B4C1203-75A4-483B-BB19-44FEB5B2B76C}.Release|Any CPU.ActiveCfg = Release|Any CPU
		{2B4C1203-75A4-483B-BB19-44FEB5B2B76C}.Release|Any CPU.Build.0 = Release|Any CPU
		{5EAF85DA-1A96-44F8-B8BF-6363BBB8B160}.Debug|Any CPU.ActiveCfg = Debug|Any CPU
		{5EAF85DA-1A96-44F8-B8BF-6363BBB8B160}.Debug|Any CPU.Build.0 = Debug|Any CPU
		{5EAF85DA-1A96-44F8-B8BF-6363BBB8B160}.Release|Any CPU.ActiveCfg = Release|Any CPU
		{5EAF85DA-1A96-44F8-B8BF-6363BBB8B160}.Release|Any CPU.Build.0 = Release|Any CPU
	EndGlobalSection
	GlobalSection(SolutionProperties) = preSolution
		HideSolutionNode = FALSE
	EndGlobalSection
EndGlobal
